// !$*UTF8*$!
{
	archiveVersion = 1;
	classes = {
	};
	objectVersion = 46;
	objects = {

/* Begin PBXBuildFile section */
		8D42122A1A641DFD00E9AC88 /* AppDelegate.swift in Sources */ = {isa = PBXBuildFile; fileRef = 8D4212291A641DFD00E9AC88 /* AppDelegate.swift */; };
		8D42122C1A641DFD00E9AC88 /* ViewController.swift in Sources */ = {isa = PBXBuildFile; fileRef = 8D42122B1A641DFD00E9AC88 /* ViewController.swift */; };
		8D42122F1A641DFD00E9AC88 /* Main.storyboard in Resources */ = {isa = PBXBuildFile; fileRef = 8D42122D1A641DFD00E9AC88 /* Main.storyboard */; };
		8D4212311A641DFD00E9AC88 /* Images.xcassets in Resources */ = {isa = PBXBuildFile; fileRef = 8D4212301A641DFD00E9AC88 /* Images.xcassets */; };
		8D4212341A641DFD00E9AC88 /* LaunchScreen.xib in Resources */ = {isa = PBXBuildFile; fileRef = 8D4212321A641DFD00E9AC88 /* LaunchScreen.xib */; };
		8D4212401A641DFD00E9AC88 /* SZTableViewDemoTests.swift in Sources */ = {isa = PBXBuildFile; fileRef = 8D42123F1A641DFD00E9AC88 /* SZTableViewDemoTests.swift */; };
		8D9FFC9A1A668C0300D9F97D /* SZTableView.swift in Sources */ = {isa = PBXBuildFile; fileRef = 8D9FFC991A668C0300D9F97D /* SZTableView.swift */; };
		8D9FFC9C1A668D3F00D9F97D /* SZTableViewCell.swift in Sources */ = {isa = PBXBuildFile; fileRef = 8D9FFC9B1A668D3F00D9F97D /* SZTableViewCell.swift */; };
		8D9FFC9E1A66B3EA00D9F97D /* SZTableViewGridLayout.swift in Sources */ = {isa = PBXBuildFile; fileRef = 8D9FFC9D1A66B3EA00D9F97D /* SZTableViewGridLayout.swift */; };
		8D9FFCA01A66B5F100D9F97D /* SZTableViewProtocols.swift in Sources */ = {isa = PBXBuildFile; fileRef = 8D9FFC9F1A66B5F100D9F97D /* SZTableViewProtocols.swift */; };
		8D9FFCA21A66BD3F00D9F97D /* SZTableViewCommon.swift in Sources */ = {isa = PBXBuildFile; fileRef = 8D9FFCA11A66BD3F00D9F97D /* SZTableViewCommon.swift */; };
		8D9FFCA41A66D43300D9F97D /* SimpleTableCell.swift in Sources */ = {isa = PBXBuildFile; fileRef = 8D9FFCA31A66D43300D9F97D /* SimpleTableCell.swift */; };
		8D9FFCA61A66D47D00D9F97D /* SimpleTableCell.xib in Resources */ = {isa = PBXBuildFile; fileRef = 8D9FFCA51A66D47D00D9F97D /* SimpleTableCell.xib */; };
		8DD3B94A1A653CB800068B61 /* SZIndexPath.swift in Sources */ = {isa = PBXBuildFile; fileRef = 8DD3B9491A653CB800068B61 /* SZIndexPath.swift */; };
		8DD3B94C1A65463900068B61 /* SZTableViewLayoutAttributes.swift in Sources */ = {isa = PBXBuildFile; fileRef = 8DD3B94B1A65463900068B61 /* SZTableViewLayoutAttributes.swift */; };
/* End PBXBuildFile section */

/* Begin PBXContainerItemProxy section */
		8D42123A1A641DFD00E9AC88 /* PBXContainerItemProxy */ = {
			isa = PBXContainerItemProxy;
			containerPortal = 8D42121C1A641DFC00E9AC88 /* Project object */;
			proxyType = 1;
			remoteGlobalIDString = 8D4212231A641DFC00E9AC88;
			remoteInfo = SZTableViewDemo;
		};
/* End PBXContainerItemProxy section */

/* Begin PBXFileReference section */
		8D4212241A641DFC00E9AC88 /* SZTableViewDemo.app */ = {isa = PBXFileReference; explicitFileType = wrapper.application; includeInIndex = 0; path = SZTableViewDemo.app; sourceTree = BUILT_PRODUCTS_DIR; };
		8D4212281A641DFC00E9AC88 /* Info.plist */ = {isa = PBXFileReference; lastKnownFileType = text.plist.xml; path = Info.plist; sourceTree = "<group>"; };
		8D4212291A641DFD00E9AC88 /* AppDelegate.swift */ = {isa = PBXFileReference; lastKnownFileType = sourcecode.swift; path = AppDelegate.swift; sourceTree = "<group>"; };
		8D42122B1A641DFD00E9AC88 /* ViewController.swift */ = {isa = PBXFileReference; lastKnownFileType = sourcecode.swift; path = ViewController.swift; sourceTree = "<group>"; };
		8D42122E1A641DFD00E9AC88 /* Base */ = {isa = PBXFileReference; lastKnownFileType = file.storyboard; name = Base; path = Base.lproj/Main.storyboard; sourceTree = "<group>"; };
		8D4212301A641DFD00E9AC88 /* Images.xcassets */ = {isa = PBXFileReference; lastKnownFileType = folder.assetcatalog; path = Images.xcassets; sourceTree = "<group>"; };
		8D4212331A641DFD00E9AC88 /* Base */ = {isa = PBXFileReference; lastKnownFileType = file.xib; name = Base; path = Base.lproj/LaunchScreen.xib; sourceTree = "<group>"; };
		8D4212391A641DFD00E9AC88 /* SZTableViewDemoTests.xctest */ = {isa = PBXFileReference; explicitFileType = wrapper.cfbundle; includeInIndex = 0; path = SZTableViewDemoTests.xctest; sourceTree = BUILT_PRODUCTS_DIR; };
		8D42123E1A641DFD00E9AC88 /* Info.plist */ = {isa = PBXFileReference; lastKnownFileType = text.plist.xml; path = Info.plist; sourceTree = "<group>"; };
		8D42123F1A641DFD00E9AC88 /* SZTableViewDemoTests.swift */ = {isa = PBXFileReference; lastKnownFileType = sourcecode.swift; path = SZTableViewDemoTests.swift; sourceTree = "<group>"; };
		8D42124A1A6421B700E9AC88 /* SZTableViewLayout.swift */ = {isa = PBXFileReference; fileEncoding = 4; lastKnownFileType = sourcecode.swift; name = SZTableViewLayout.swift; path = TableView/SZTableViewLayout.swift; sourceTree = "<group>"; };
		8D9FFC991A668C0300D9F97D /* SZTableView.swift */ = {isa = PBXFileReference; fileEncoding = 4; lastKnownFileType = sourcecode.swift; name = SZTableView.swift; path = TableView/SZTableView.swift; sourceTree = "<group>"; };
		8D9FFC9B1A668D3F00D9F97D /* SZTableViewCell.swift */ = {isa = PBXFileReference; fileEncoding = 4; lastKnownFileType = sourcecode.swift; name = SZTableViewCell.swift; path = TableView/SZTableViewCell.swift; sourceTree = "<group>"; };
		8D9FFC9D1A66B3EA00D9F97D /* SZTableViewGridLayout.swift */ = {isa = PBXFileReference; fileEncoding = 4; lastKnownFileType = sourcecode.swift; name = SZTableViewGridLayout.swift; path = TableView/SZTableViewGridLayout.swift; sourceTree = "<group>"; };
		8D9FFC9F1A66B5F100D9F97D /* SZTableViewProtocols.swift */ = {isa = PBXFileReference; fileEncoding = 4; lastKnownFileType = sourcecode.swift; name = SZTableViewProtocols.swift; path = TableView/SZTableViewProtocols.swift; sourceTree = "<group>"; };
		8D9FFCA11A66BD3F00D9F97D /* SZTableViewCommon.swift */ = {isa = PBXFileReference; fileEncoding = 4; lastKnownFileType = sourcecode.swift; name = SZTableViewCommon.swift; path = TableView/SZTableViewCommon.swift; sourceTree = "<group>"; };
		8D9FFCA31A66D43300D9F97D /* SimpleTableCell.swift */ = {isa = PBXFileReference; fileEncoding = 4; lastKnownFileType = sourcecode.swift; path = SimpleTableCell.swift; sourceTree = "<group>"; };
		8D9FFCA51A66D47D00D9F97D /* SimpleTableCell.xib */ = {isa = PBXFileReference; fileEncoding = 4; lastKnownFileType = file.xib; path = SimpleTableCell.xib; sourceTree = "<group>"; };
		8DD3B9491A653CB800068B61 /* SZIndexPath.swift */ = {isa = PBXFileReference; fileEncoding = 4; lastKnownFileType = sourcecode.swift; name = SZIndexPath.swift; path = TableView/SZIndexPath.swift; sourceTree = "<group>"; };
		8DD3B94B1A65463900068B61 /* SZTableViewLayoutAttributes.swift */ = {isa = PBXFileReference; fileEncoding = 4; lastKnownFileType = sourcecode.swift; name = SZTableViewLayoutAttributes.swift; path = TableView/SZTableViewLayoutAttributes.swift; sourceTree = "<group>"; };
/* End PBXFileReference section */

/* Begin PBXFrameworksBuildPhase section */
		8D4212211A641DFC00E9AC88 /* Frameworks */ = {
			isa = PBXFrameworksBuildPhase;
			buildActionMask = 2147483647;
			files = (
			);
			runOnlyForDeploymentPostprocessing = 0;
		};
		8D4212361A641DFD00E9AC88 /* Frameworks */ = {
			isa = PBXFrameworksBuildPhase;
			buildActionMask = 2147483647;
			files = (
			);
			runOnlyForDeploymentPostprocessing = 0;
		};
/* End PBXFrameworksBuildPhase section */

/* Begin PBXGroup section */
		8D42121B1A641DFC00E9AC88 = {
			isa = PBXGroup;
			children = (
				8D4212261A641DFC00E9AC88 /* SZTableViewDemo */,
				8D42123C1A641DFD00E9AC88 /* SZTableViewDemoTests */,
				8D4212251A641DFC00E9AC88 /* Products */,
			);
			sourceTree = "<group>";
		};
		8D4212251A641DFC00E9AC88 /* Products */ = {
			isa = PBXGroup;
			children = (
				8D4212241A641DFC00E9AC88 /* SZTableViewDemo.app */,
				8D4212391A641DFD00E9AC88 /* SZTableViewDemoTests.xctest */,
			);
			name = Products;
			sourceTree = "<group>";
		};
		8D4212261A641DFC00E9AC88 /* SZTableViewDemo */ = {
			isa = PBXGroup;
			children = (
				8D4212491A641E1A00E9AC88 /* TableView */,
				8D4212291A641DFD00E9AC88 /* AppDelegate.swift */,
				8D42122B1A641DFD00E9AC88 /* ViewController.swift */,
				8D9FFCA31A66D43300D9F97D /* SimpleTableCell.swift */,
				8D42122D1A641DFD00E9AC88 /* Main.storyboard */,
				8D9FFCA51A66D47D00D9F97D /* SimpleTableCell.xib */,
				8D4212301A641DFD00E9AC88 /* Images.xcassets */,
				8D4212321A641DFD00E9AC88 /* LaunchScreen.xib */,
				8D4212271A641DFC00E9AC88 /* Supporting Files */,
			);
			path = SZTableViewDemo;
			sourceTree = "<group>";
		};
		8D4212271A641DFC00E9AC88 /* Supporting Files */ = {
			isa = PBXGroup;
			children = (
				8D4212281A641DFC00E9AC88 /* Info.plist */,
			);
			name = "Supporting Files";
			sourceTree = "<group>";
		};
		8D42123C1A641DFD00E9AC88 /* SZTableViewDemoTests */ = {
			isa = PBXGroup;
			children = (
				8D42123F1A641DFD00E9AC88 /* SZTableViewDemoTests.swift */,
				8D42123D1A641DFD00E9AC88 /* Supporting Files */,
			);
			path = SZTableViewDemoTests;
			sourceTree = "<group>";
		};
		8D42123D1A641DFD00E9AC88 /* Supporting Files */ = {
			isa = PBXGroup;
			children = (
				8D42123E1A641DFD00E9AC88 /* Info.plist */,
			);
			name = "Supporting Files";
			sourceTree = "<group>";
		};
		8D4212491A641E1A00E9AC88 /* TableView */ = {
			isa = PBXGroup;
			children = (
				8D9FFC991A668C0300D9F97D /* SZTableView.swift */,
				8D9FFC9B1A668D3F00D9F97D /* SZTableViewCell.swift */,
				8D9FFC9D1A66B3EA00D9F97D /* SZTableViewGridLayout.swift */,
				8D42124A1A6421B700E9AC88 /* SZTableViewLayout.swift */,
				8DD3B9491A653CB800068B61 /* SZIndexPath.swift */,
				8DD3B94B1A65463900068B61 /* SZTableViewLayoutAttributes.swift */,
				8D9FFC9F1A66B5F100D9F97D /* SZTableViewProtocols.swift */,
				8D9FFCA11A66BD3F00D9F97D /* SZTableViewCommon.swift */,
			);
			name = TableView;
			sourceTree = "<group>";
		};
/* End PBXGroup section */

/* Begin PBXNativeTarget section */
		8D4212231A641DFC00E9AC88 /* SZTableViewDemo */ = {
			isa = PBXNativeTarget;
			buildConfigurationList = 8D4212431A641DFD00E9AC88 /* Build configuration list for PBXNativeTarget "SZTableViewDemo" */;
			buildPhases = (
				8D4212201A641DFC00E9AC88 /* Sources */,
				8D4212211A641DFC00E9AC88 /* Frameworks */,
				8D4212221A641DFC00E9AC88 /* Resources */,
			);
			buildRules = (
			);
			dependencies = (
			);
			name = SZTableViewDemo;
			productName = SZTableViewDemo;
			productReference = 8D4212241A641DFC00E9AC88 /* SZTableViewDemo.app */;
			productType = "com.apple.product-type.application";
		};
		8D4212381A641DFD00E9AC88 /* SZTableViewDemoTests */ = {
			isa = PBXNativeTarget;
			buildConfigurationList = 8D4212461A641DFD00E9AC88 /* Build configuration list for PBXNativeTarget "SZTableViewDemoTests" */;
			buildPhases = (
				8D4212351A641DFD00E9AC88 /* Sources */,
				8D4212361A641DFD00E9AC88 /* Frameworks */,
				8D4212371A641DFD00E9AC88 /* Resources */,
			);
			buildRules = (
			);
			dependencies = (
				8D42123B1A641DFD00E9AC88 /* PBXTargetDependency */,
			);
			name = SZTableViewDemoTests;
			productName = SZTableViewDemoTests;
			productReference = 8D4212391A641DFD00E9AC88 /* SZTableViewDemoTests.xctest */;
			productType = "com.apple.product-type.bundle.unit-test";
		};
/* End PBXNativeTarget section */

/* Begin PBXProject section */
		8D42121C1A641DFC00E9AC88 /* Project object */ = {
			isa = PBXProject;
			attributes = {
				LastUpgradeCheck = 0620;
				ORGANIZATIONNAME = "Slava Zubrin";
				TargetAttributes = {
					8D4212231A641DFC00E9AC88 = {
						CreatedOnToolsVersion = 6.2;
					};
					8D4212381A641DFD00E9AC88 = {
						CreatedOnToolsVersion = 6.2;
						TestTargetID = 8D4212231A641DFC00E9AC88;
					};
				};
			};
			buildConfigurationList = 8D42121F1A641DFC00E9AC88 /* Build configuration list for PBXProject "SZTableViewDemo" */;
			compatibilityVersion = "Xcode 3.2";
			developmentRegion = English;
			hasScannedForEncodings = 0;
			knownRegions = (
				en,
				Base,
			);
			mainGroup = 8D42121B1A641DFC00E9AC88;
			productRefGroup = 8D4212251A641DFC00E9AC88 /* Products */;
			projectDirPath = "";
			projectRoot = "";
			targets = (
				8D4212231A641DFC00E9AC88 /* SZTableViewDemo */,
				8D4212381A641DFD00E9AC88 /* SZTableViewDemoTests */,
			);
		};
/* End PBXProject section */

/* Begin PBXResourcesBuildPhase section */
		8D4212221A641DFC00E9AC88 /* Resources */ = {
			isa = PBXResourcesBuildPhase;
			buildActionMask = 2147483647;
			files = (
				8D42122F1A641DFD00E9AC88 /* Main.storyboard in Resources */,
				8D4212341A641DFD00E9AC88 /* LaunchScreen.xib in Resources */,
				8D9FFCA61A66D47D00D9F97D /* SimpleTableCell.xib in Resources */,
				8D4212311A641DFD00E9AC88 /* Images.xcassets in Resources */,
			);
			runOnlyForDeploymentPostprocessing = 0;
		};
		8D4212371A641DFD00E9AC88 /* Resources */ = {
			isa = PBXResourcesBuildPhase;
			buildActionMask = 2147483647;
			files = (
			);
			runOnlyForDeploymentPostprocessing = 0;
		};
/* End PBXResourcesBuildPhase section */

/* Begin PBXSourcesBuildPhase section */
		8D4212201A641DFC00E9AC88 /* Sources */ = {
			isa = PBXSourcesBuildPhase;
			buildActionMask = 2147483647;
			files = (
				8D42122C1A641DFD00E9AC88 /* ViewController.swift in Sources */,
				8DD3B94C1A65463900068B61 /* SZTableViewLayoutAttributes.swift in Sources */,
				8D9FFCA01A66B5F100D9F97D /* SZTableViewProtocols.swift in Sources */,
				8D42122A1A641DFD00E9AC88 /* AppDelegate.swift in Sources */,
				8D9FFCA21A66BD3F00D9F97D /* SZTableViewCommon.swift in Sources */,
				8D9FFC9E1A66B3EA00D9F97D /* SZTableViewGridLayout.swift in Sources */,
				8D9FFCA41A66D43300D9F97D /* SimpleTableCell.swift in Sources */,
				8DD3B94A1A653CB800068B61 /* SZIndexPath.swift in Sources */,
				8D9FFC9C1A668D3F00D9F97D /* SZTableViewCell.swift in Sources */,
				8D9FFC9A1A668C0300D9F97D /* SZTableView.swift in Sources */,
			);
			runOnlyForDeploymentPostprocessing = 0;
		};
		8D4212351A641DFD00E9AC88 /* Sources */ = {
			isa = PBXSourcesBuildPhase;
			buildActionMask = 2147483647;
			files = (
				8D4212401A641DFD00E9AC88 /* SZTableViewDemoTests.swift in Sources */,
			);
			runOnlyForDeploymentPostprocessing = 0;
		};
/* End PBXSourcesBuildPhase section */

/* Begin PBXTargetDependency section */
		8D42123B1A641DFD00E9AC88 /* PBXTargetDependency */ = {
			isa = PBXTargetDependency;
			target = 8D4212231A641DFC00E9AC88 /* SZTableViewDemo */;
			targetProxy = 8D42123A1A641DFD00E9AC88 /* PBXContainerItemProxy */;
		};
/* End PBXTargetDependency section */

/* Begin PBXVariantGroup section */
		8D42122D1A641DFD00E9AC88 /* Main.storyboard */ = {
			isa = PBXVariantGroup;
			children = (
				8D42122E1A641DFD00E9AC88 /* Base */,
			);
			name = Main.storyboard;
			sourceTree = "<group>";
		};
		8D4212321A641DFD00E9AC88 /* LaunchScreen.xib */ = {
			isa = PBXVariantGroup;
			children = (
				8D4212331A641DFD00E9AC88 /* Base */,
			);
			name = LaunchScreen.xib;
			sourceTree = "<group>";
		};
/* End PBXVariantGroup section */

/* Begin XCBuildConfiguration section */
		8D4212411A641DFD00E9AC88 /* Debug */ = {
			isa = XCBuildConfiguration;
			buildSettings = {
				ALWAYS_SEARCH_USER_PATHS = NO;
				CLANG_CXX_LANGUAGE_STANDARD = "gnu++0x";
				CLANG_CXX_LIBRARY = "libc++";
				CLANG_ENABLE_MODULES = YES;
				CLANG_ENABLE_OBJC_ARC = YES;
				CLANG_WARN_BOOL_CONVERSION = YES;
				CLANG_WARN_CONSTANT_CONVERSION = YES;
				CLANG_WARN_DIRECT_OBJC_ISA_USAGE = YES_ERROR;
				CLANG_WARN_EMPTY_BODY = YES;
				CLANG_WARN_ENUM_CONVERSION = YES;
				CLANG_WARN_INT_CONVERSION = YES;
				CLANG_WARN_OBJC_ROOT_CLASS = YES_ERROR;
				CLANG_WARN_UNREACHABLE_CODE = YES;
				CLANG_WARN__DUPLICATE_METHOD_MATCH = YES;
				"CODE_SIGN_IDENTITY[sdk=iphoneos*]" = "iPhone Developer";
				COPY_PHASE_STRIP = NO;
				ENABLE_STRICT_OBJC_MSGSEND = YES;
				GCC_C_LANGUAGE_STANDARD = gnu99;
				GCC_DYNAMIC_NO_PIC = NO;
				GCC_OPTIMIZATION_LEVEL = 0;
				GCC_PREPROCESSOR_DEFINITIONS = (
					"DEBUG=1",
					"$(inherited)",
				);
				GCC_SYMBOLS_PRIVATE_EXTERN = NO;
				GCC_WARN_64_TO_32_BIT_CONVERSION = YES;
				GCC_WARN_ABOUT_RETURN_TYPE = YES_ERROR;
				GCC_WARN_UNDECLARED_SELECTOR = YES;
				GCC_WARN_UNINITIALIZED_AUTOS = YES_AGGRESSIVE;
				GCC_WARN_UNUSED_FUNCTION = YES;
				GCC_WARN_UNUSED_VARIABLE = YES;
				IPHONEOS_DEPLOYMENT_TARGET = 8.2;
				MTL_ENABLE_DEBUG_INFO = YES;
				ONLY_ACTIVE_ARCH = YES;
				SDKROOT = iphoneos;
				SWIFT_OPTIMIZATION_LEVEL = "-Onone";
			};
			name = Debug;
		};
		8D4212421A641DFD00E9AC88 /* Release */ = {
			isa = XCBuildConfiguration;
			buildSettings = {
				ALWAYS_SEARCH_USER_PATHS = NO;
				CLANG_CXX_LANGUAGE_STANDARD = "gnu++0x";
				CLANG_CXX_LIBRARY = "libc++";
				CLANG_ENABLE_MODULES = YES;
				CLANG_ENABLE_OBJC_ARC = YES;
				CLANG_WARN_BOOL_CONVERSION = YES;
				CLANG_WARN_CONSTANT_CONVERSION = YES;
				CLANG_WARN_DIRECT_OBJC_ISA_USAGE = YES_ERROR;
				CLANG_WARN_EMPTY_BODY = YES;
				CLANG_WARN_ENUM_CONVERSION = YES;
				CLANG_WARN_INT_CONVERSION = YES;
				CLANG_WARN_OBJC_ROOT_CLASS = YES_ERROR;
				CLANG_WARN_UNREACHABLE_CODE = YES;
				CLANG_WARN__DUPLICATE_METHOD_MATCH = YES;
				"CODE_SIGN_IDENTITY[sdk=iphoneos*]" = "iPhone Developer";
				COPY_PHASE_STRIP = NO;
				ENABLE_NS_ASSERTIONS = NO;
				ENABLE_STRICT_OBJC_MSGSEND = YES;
				GCC_C_LANGUAGE_STANDARD = gnu99;
				GCC_WARN_64_TO_32_BIT_CONVERSION = YES;
				GCC_WARN_ABOUT_RETURN_TYPE = YES_ERROR;
				GCC_WARN_UNDECLARED_SELECTOR = YES;
				GCC_WARN_UNINITIALIZED_AUTOS = YES_AGGRESSIVE;
				GCC_WARN_UNUSED_FUNCTION = YES;
				GCC_WARN_UNUSED_VARIABLE = YES;
				IPHONEOS_DEPLOYMENT_TARGET = 8.2;
				MTL_ENABLE_DEBUG_INFO = NO;
				SDKROOT = iphoneos;
				VALIDATE_PRODUCT = YES;
			};
			name = Release;
		};
		8D4212441A641DFD00E9AC88 /* Debug */ = {
			isa = XCBuildConfiguration;
			buildSettings = {
				ASSETCATALOG_COMPILER_APPICON_NAME = AppIcon;
				INFOPLIST_FILE = SZTableViewDemo/Info.plist;
				IPHONEOS_DEPLOYMENT_TARGET = 8.1;
				LD_RUNPATH_SEARCH_PATHS = "$(inherited) @executable_path/Frameworks";
				PRODUCT_NAME = "$(TARGET_NAME)";
			};
			name = Debug;
		};
		8D4212451A641DFD00E9AC88 /* Release */ = {
			isa = XCBuildConfiguration;
			buildSettings = {
				ASSETCATALOG_COMPILER_APPICON_NAME = AppIcon;
				INFOPLIST_FILE = SZTableViewDemo/Info.plist;
				IPHONEOS_DEPLOYMENT_TARGET = 8.1;
				LD_RUNPATH_SEARCH_PATHS = "$(inherited) @executable_path/Frameworks";
				PRODUCT_NAME = "$(TARGET_NAME)";
			};
			name = Release;
		};
		8D4212471A641DFD00E9AC88 /* Debug */ = {
			isa = XCBuildConfiguration;
			buildSettings = {
				BUNDLE_LOADER = "$(TEST_HOST)";
				FRAMEWORK_SEARCH_PATHS = (
					"$(SDKROOT)/Developer/Library/Frameworks",
					"$(inherited)",
				);
				GCC_PREPROCESSOR_DEFINITIONS = (
					"DEBUG=1",
					"$(inherited)",
				);
				INFOPLIST_FILE = SZTableViewDemoTests/Info.plist;
				IPHONEOS_DEPLOYMENT_TARGET = 8.1;
				LD_RUNPATH_SEARCH_PATHS = "$(inherited) @executable_path/Frameworks @loader_path/Frameworks";
				PRODUCT_NAME = "$(TARGET_NAME)";
				TEST_HOST = "$(BUILT_PRODUCTS_DIR)/SZTableViewDemo.app/SZTableViewDemo";
			};
			name = Debug;
		};
		8D4212481A641DFD00E9AC88 /* Release */ = {
			isa = XCBuildConfiguration;
			buildSettings = {
				BUNDLE_LOADER = "$(TEST_HOST)";
				FRAMEWORK_SEARCH_PATHS = (
					"$(SDKROOT)/Developer/Library/Frameworks",
					"$(inherited)",
				);
				INFOPLIST_FILE = SZTableViewDemoTests/Info.plist;
				IPHONEOS_DEPLOYMENT_TARGET = 8.1;
				LD_RUNPATH_SEARCH_PATHS = "$(inherited) @executable_path/Frameworks @loader_path/Frameworks";
				PRODUCT_NAME = "$(TARGET_NAME)";
				TEST_HOST = "$(BUILT_PRODUCTS_DIR)/SZTableViewDemo.app/SZTableViewDemo";
			};
			name = Release;
		};
/* End XCBuildConfiguration section */

/* Begin XCConfigurationList section */
		8D42121F1A641DFC00E9AC88 /* Build configuration list for PBXProject "SZTableViewDemo" */ = {
			isa = XCConfigurationList;
			buildConfigurations = (
				8D4212411A641DFD00E9AC88 /* Debug */,
				8D4212421A641DFD00E9AC88 /* Release */,
			);
			defaultConfigurationIsVisible = 0;
			defaultConfigurationName = Release;
		};
		8D4212431A641DFD00E9AC88 /* Build configuration list for PBXNativeTarget "SZTableViewDemo" */ = {
			isa = XCConfigurationList;
			buildConfigurations = (
				8D4212441A641DFD00E9AC88 /* Debug */,
				8D4212451A641DFD00E9AC88 /* Release */,
			);
			defaultConfigurationIsVisible = 0;
			defaultConfigurationName = Release;
		};
		8D4212461A641DFD00E9AC88 /* Build configuration list for PBXNativeTarget "SZTableViewDemoTests" */ = {
			isa = XCConfigurationList;
			buildConfigurations = (
				8D4212471A641DFD00E9AC88 /* Debug */,
				8D4212481A641DFD00E9AC88 /* Release */,
			);
			defaultConfigurationIsVisible = 0;
			defaultConfigurationName = Release;
		};
/* End XCConfigurationList section */
	};
	rootObject = 8D42121C1A641DFC00E9AC88 /* Project object */;
}
